
Microsoft Visual Studio Solution File, Format Version 12.00
# Visual Studio 2015
Project("{FAE04EC0-301F-11D3-BF4B-00C04F79EFBC}") = "Project_Antwerpen.CSharp", "Project_Antwerpen.CSharp.csproj", "{0011DFC2-FE01-30FD-43E6-8CE325A5A3FB}"
EndProject
Global
	GlobalSection(SolutionConfigurationPlatforms) = preSolution
		Debug|Any CPU = Debug|Any CPU
		Release|Any CPU = Release|Any CPU
	EndGlobalSection
	GlobalSection(ProjectConfigurationPlatforms) = postSolution
		{0011DFC2-FE01-30FD-43E6-8CE325A5A3FB}.Debug|Any CPU.ActiveCfg = Debug|Any CPU
		{0011DFC2-FE01-30FD-43E6-8CE325A5A3FB}.Debug|Any CPU.Build.0 = Debug|Any CPU
		{0011DFC2-FE01-30FD-43E6-8CE325A5A3FB}.Release|Any CPU.ActiveCfg = Release|Any CPU
		{0011DFC2-FE01-30FD-43E6-8CE325A5A3FB}.Release|Any CPU.Build.0 = Release|Any CPU
	EndGlobalSection
	GlobalSection(SolutionProperties) = preSolution
		HideSolutionNode = FALSE
	EndGlobalSection
EndGlobal
